
Microsoft Visual Studio Solution File, Format Version 12.00
# Visual Studio Version 17
VisualStudioVersion = 17.4.33213.308
MinimumVisualStudioVersion = 10.0.40219.1
Project("{9A19103F-16F7-4668-BE54-9A1E7A4F7556}") = "Reed_Lab1", "Reed_Lab1\Reed_Lab1.csproj", "{A595590B-A461-4396-8AB4-CD9A70F6DA7C}"
EndProject
Global
	GlobalSection(SolutionConfigurationPlatforms) = preSolution
		Debug|Any CPU = Debug|Any CPU
		Release|Any CPU = Release|Any CPU
	EndGlobalSection
	GlobalSection(ProjectConfigurationPlatforms) = postSolution
		{A595590B-A461-4396-8AB4-CD9A70F6DA7C}.Debug|Any CPU.ActiveCfg = Debug|Any CPU
		{A595590B-A461-4396-8AB4-CD9A70F6DA7C}.Debug|Any CPU.Build.0 = Debug|Any CPU
		{A595590B-A461-4396-8AB4-CD9A70F6DA7C}.Release|Any CPU.ActiveCfg = Release|Any CPU
		{A595590B-A461-4396-8AB4-CD9A70F6DA7C}.Release|Any CPU.Build.0 = Release|Any CPU
	EndGlobalSection
	GlobalSection(SolutionProperties) = preSolution
		HideSolutionNode = FALSE
	EndGlobalSection
	GlobalSection(ExtensibilityGlobals) = postSolution
		SolutionGuid = {4D697272-1FBD-4F3E-A07F-7F1AFB2EED00}
	EndGlobalSection
EndGlobal
